{
  "name": "homebridge-opnsense-presence",
  "version": "1.0.0",
  "lockfileVersion": 2,
  "requires": true,
  "packages": {
    "": {
      "name": "homebridge-opnsense-presence",
      "version": "1.0.0",
      "license": "MIT",
      "dependencies": {
        "@dennis14e/node-opnsense": "^0.0.5"
      },
      "engines": {
        "homebridge": ">=0.4.4",
        "node": ">=10.17.0"
      }
    },
    "node_modules/@dennis14e/node-opnsense": {
      "version": "0.0.5",
      "resolved": "https://registry.npmjs.org/@dennis14e/node-opnsense/-/node-opnsense-0.0.5.tgz",
      "integrity": "sha512-Se4Vi/remmdgPpBhgGE5TFSKZtRSjRjTg227AT0yYWRymkJu1kb8h7oM0NfyAmvQRZ7utU7yS8aBnoAOOfCCtg==",
      "dependencies": {
        "axios": "^0.24.0"
      }
    },
    "node_modules/axios": {
      "version": "0.24.0",
      "resolved": "https://registry.npmjs.org/axios/-/axios-0.24.0.tgz",
      "integrity": "sha512-Q6cWsys88HoPgAaFAVUb0WpPk0O8iTeisR9IMqy9G8AbO4NlpVknrnQS03zzF9PGAWgO3cgletO3VjV/P7VztA==",
      "dependencies": {
        "follow-redirects": "^1.14.4"
      }
    },
    "node_modules/follow-redirects": {
      "version": "1.15.2",
      "resolved": "https://registry.npmjs.org/follow-redirects/-/follow-redirects-1.15.2.tgz",
      "integrity": "sha512-VQLG33o04KaQ8uYi2tVNbdrWp1QWxNNea+nmIB4EVM28v0hmP17z7aG1+wAkNzVq4KeXTq3221ye5qTJP91JwA==",
      "funding": [
        {
          "type": "individual",
          "url": "https://github.com/sponsors/RubenVerborgh"
        }
      ],
      "engines": {
        "node": ">=4.0"
      },
      "peerDependenciesMeta": {
        "debug": {
          "optional": true
        }
      }
    }
  },
  "dependencies": {
    "@dennis14e/node-opnsense": {
      "version": "0.0.5",
      "resolved": "https://registry.npmjs.org/@dennis14e/node-opnsense/-/node-opnsense-0.0.5.tgz",
      "integrity": "sha512-Se4Vi/remmdgPpBhgGE5TFSKZtRSjRjTg227AT0yYWRymkJu1kb8h7oM0NfyAmvQRZ7utU7yS8aBnoAOOfCCtg==",
      "requires": {
        "axios": "^0.24.0"
      }
    },
    "axios": {
      "version": "0.24.0",
      "resolved": "https://registry.npmjs.org/axios/-/axios-0.24.0.tgz",
      "integrity": "sha512-Q6cWsys88HoPgAaFAVUb0WpPk0O8iTeisR9IMqy9G8AbO4NlpVknrnQS03zzF9PGAWgO3cgletO3VjV/P7VztA==",
      "requires": {
        "follow-redirects": "^1.14.4"
      }
    },
    "follow-redirects": {
      "version": "1.15.2",
      "resolved": "https://registry.npmjs.org/follow-redirects/-/follow-redirects-1.15.2.tgz",
      "integrity": "sha512-VQLG33o04KaQ8uYi2tVNbdrWp1QWxNNea+nmIB4EVM28v0hmP17z7aG1+wAkNzVq4KeXTq3221ye5qTJP91JwA=="
    }
  }
}
